Microsoft Visual Studio Solution File, Format Version 12.00
# Visual Studio 15
VisualStudioVersion = 15.0.27004.2009
MinimumVisualStudioVersion = 10.0.40219.1
Project("{2150E333-8FDC-42A3-9474-1A3956D46DE8}") = "source", "source", "{B9A527F9-C9E4-48E8-8E63-40C4E244BB3E}"
EndProject
Project("{FAE04EC0-301F-11D3-BF4B-00C04F79EFBC}") = "Sample.XamarinAndroid.Bindings.Library", "Sample.XamarinAndroid.Bindings.Library\Sample.XamarinAndroid.Bindings.Library.csproj", "{AA25D9AC-03CA-4275-88FA-489F2F5D8DA2}"
EndProject
Project("{FAE04EC0-301F-11D3-BF4B-00C04F79EFBC}") = "Sample.XamarinAndroid.Bindings.SDK", "Sample.XamarinAndroid.Bindings.SDK\Sample.XamarinAndroid.Bindings.SDK.csproj", "{CFD90C6D-400D-4A33-9984-3433D6AFCE40}"
EndProject
Project("{2150E333-8FDC-42A3-9474-1A3956D46DE8}") = "Solution Items", "Solution Items", "{AB99CC60-863A-48DC-B414-7C417BFA94E7}"
	ProjectSection(SolutionItems) = preProject
		..\README.md = ..\README.md
	EndProjectSection
EndProject
Project("{FAE04EC0-301F-11D3-BF4B-00C04F79EFBC}") = "HolisticWare.Xamarin.Tools.Bindings.XamarinAndroid.Decompilers", "..\source\HolisticWare.Xamarin.Tools.Bindings.XamarinAndroid.Decompilers\HolisticWare.Xamarin.Tools.Bindings.XamarinAndroid.Decompilers.csproj", "{E59EAE34-E0BD-45F0-9E3E-9754E5F57746}"
EndProject
Global
	GlobalSection(SolutionConfigurationPlatforms) = preSolution
		Debug|Any CPU = Debug|Any CPU
		Release|Any CPU = Release|Any CPU
	EndGlobalSection
	GlobalSection(ProjectConfigurationPlatforms) = postSolution
		{AA25D9AC-03CA-4275-88FA-489F2F5D8DA2}.Debug|Any CPU.ActiveCfg = Debug|Any CPU
		{AA25D9AC-03CA-4275-88FA-489F2F5D8DA2}.Debug|Any CPU.Build.0 = Debug|Any CPU
		{AA25D9AC-03CA-4275-88FA-489F2F5D8DA2}.Release|Any CPU.ActiveCfg = Release|Any CPU
		{AA25D9AC-03CA-4275-88FA-489F2F5D8DA2}.Release|Any CPU.Build.0 = Release|Any CPU
		{CFD90C6D-400D-4A33-9984-3433D6AFCE40}.Debug|Any CPU.ActiveCfg = Debug|Any CPU
		{CFD90C6D-400D-4A33-9984-3433D6AFCE40}.Debug|Any CPU.Build.0 = Debug|Any CPU
		{CFD90C6D-400D-4A33-9984-3433D6AFCE40}.Release|Any CPU.ActiveCfg = Release|Any CPU
		{CFD90C6D-400D-4A33-9984-3433D6AFCE40}.Release|Any CPU.Build.0 = Release|Any CPU
		{E59EAE34-E0BD-45F0-9E3E-9754E5F57746}.Debug|Any CPU.ActiveCfg = Debug|Any CPU
		{E59EAE34-E0BD-45F0-9E3E-9754E5F57746}.Debug|Any CPU.Build.0 = Debug|Any CPU
		{E59EAE34-E0BD-45F0-9E3E-9754E5F57746}.Release|Any CPU.ActiveCfg = Release|Any CPU
		{E59EAE34-E0BD-45F0-9E3E-9754E5F57746}.Release|Any CPU.Build.0 = Release|Any CPU
	EndGlobalSection
	GlobalSection(NestedProjects) = preSolution
		{E59EAE34-E0BD-45F0-9E3E-9754E5F57746} = {B9A527F9-C9E4-48E8-8E63-40C4E244BB3E}
	EndGlobalSection
EndGlobal
